{
  "lockfileVersion": 1,
  "workspaces": {
    "": {
      "name": "vot.js",
      "devDependencies": {
        "@toil/typebox-genx": "^0.1.0",
        "@types/bun": "latest",
        "lefthook": "^1.11.14",
        "oxlint": "^1.2.0",
        "typedoc": "^0.28.5",
        "typedoc-plugin-include-example": "^2.1.2",
        "typedoc-plugin-missing-exports": "^4.0.0",
        "typedoc-plugin-rename-defaults": "^0.7.3",
        "typescript": "^5.8.3",
      },
      "peerDependencies": {
        "typescript": "^5.0.0",
      },
    },
    "packages/core": {
      "name": "@vot.js/core",
      "version": "2.4.12",
      "dependencies": {
        "@vot.js/shared": "workspace:^",
      },
      "devDependencies": {
        "tsc-esm-fix": "^3.1.2",
        "typescript": "^5.7.3",
      },
      "peerDependencies": {
        "typescript": "^5.0.0",
      },
    },
    "packages/ext": {
      "name": "@vot.js/ext",
      "version": "2.4.12",
      "dependencies": {
        "@vot.js/core": "workspace:^",
        "@vot.js/shared": "workspace:^",
      },
      "devDependencies": {
        "tsc-esm-fix": "^3.1.2",
        "typescript": "^5.7.3",
      },
      "peerDependencies": {
        "typescript": "^5.0.0",
      },
    },
    "packages/node": {
      "name": "@vot.js/node",
      "version": "2.4.12",
      "dependencies": {
        "@vot.js/core": "workspace:^",
        "@vot.js/shared": "workspace:^",
        "dom-parser": "^1.1.5",
        "undici": "^7.2.3",
      },
      "devDependencies": {
        "tsc-esm-fix": "^3.1.2",
        "typescript": "^5.7.3",
      },
      "peerDependencies": {
        "typescript": "^5.0.0",
      },
    },
    "packages/shared": {
      "name": "@vot.js/shared",
      "version": "2.4.12",
      "dependencies": {
        "@bufbuild/protobuf": "^2.0.0",
      },
      "devDependencies": {
        "ts-proto": "^2.6.1",
        "tsc-esm-fix": "^3.1.2",
        "typescript": "^5.7.3",
      },
      "peerDependencies": {
        "typescript": "^5.0.0",
      },
    },
  },
  "packages": {
    "@bufbuild/protobuf": ["@bufbuild/protobuf@2.2.3", "", {}, "sha512-tFQoXHJdkEOSwj5tRIZSPNUuXK3RaR7T1nUrPgbYX1pUbvqqaaZAsfo+NXBPsz5rZMSKVFrgK1WL8Q/MSLvprg=="],

    "@gerrit0/mini-shiki": ["@gerrit0/mini-shiki@3.2.3", "", { "dependencies": { "@shikijs/engine-oniguruma": "^3.2.2", "@shikijs/langs": "^3.2.2", "@shikijs/themes": "^3.2.2", "@shikijs/types": "^3.2.2", "@shikijs/vscode-textmate": "^10.0.2" } }, "sha512-yemSYr0Oiqk5NAQRfbD5DKUTlThiZw1MxTMx/YpQTg6m4QRJDtV2JTYSuNevgx1ayy/O7x+uwDjh3IgECGFY/Q=="],

    "@nodelib/fs.scandir": ["@nodelib/fs.scandir@2.1.5", "", { "dependencies": { "@nodelib/fs.stat": "2.0.5", "run-parallel": "^1.1.9" } }, "sha512-vq24Bq3ym5HEQm2NKCr3yXDwjc7vTsEThRDnkp2DK9p1uqLR+DHurm/NOTo0KG7HYHU7eppKZj3MyqYuMBf62g=="],

    "@nodelib/fs.stat": ["@nodelib/fs.stat@2.0.5", "", {}, "sha512-RkhPPp2zrqDAQA/2jNhnztcPAlv64XdhIp7a7454A5ovI7Bukxgt7MX7udwAu3zg1DcpPU0rz3VV1SeaqvY4+A=="],

    "@nodelib/fs.walk": ["@nodelib/fs.walk@1.2.8", "", { "dependencies": { "@nodelib/fs.scandir": "2.1.5", "fastq": "^1.6.0" } }, "sha512-oGB+UxlgWcgQkgwo8GcEGwemoTFt3FIO9ababBmaGwXIoBKZ+GTy0pP185beGg7Llih/NSHSV2XAs1lnznocSg=="],

    "@oxlint/darwin-arm64": ["@oxlint/darwin-arm64@1.3.0", "", { "os": "darwin", "cpu": "arm64" }, "sha512-TcCaETXYfiEfS+u/gZNND4WwEEtnJJjqg8BIC56WiCQDduYTvmmbQ0vxtqdNXlFzlvmRpZCSs7qaqXNy8/8FLA=="],

    "@oxlint/darwin-x64": ["@oxlint/darwin-x64@1.3.0", "", { "os": "darwin", "cpu": "x64" }, "sha512-REgq9s1ZWuh++Vi+mUPNddLTp/D+iu+T8nLd3QM1dzQoBD/SZ7wRX3Mdv8QGT/m8dknmDBQuKAP6T47ox9HRSA=="],

    "@oxlint/linux-arm64-gnu": ["@oxlint/linux-arm64-gnu@1.3.0", "", { "os": "linux", "cpu": "arm64" }, "sha512-QAS8AWKDcDeUe8mJaw/pF2D9+js8FbFTo75AiekZKNm9V6QAAiCkyvesmILD8RrStw9aV2D/apOD71vsfcDoGA=="],

    "@oxlint/linux-arm64-musl": ["@oxlint/linux-arm64-musl@1.3.0", "", { "os": "linux", "cpu": "arm64" }, "sha512-rAbz0KFkk5GPdERoFO4ZUZmVkECnHXjRG0O2MeT5zY7ddlyZUjEk1cWjw+HCtWVdKkqhZJeNFMuEiRLkpzBIIw=="],

    "@oxlint/linux-x64-gnu": ["@oxlint/linux-x64-gnu@1.3.0", "", { "os": "linux", "cpu": "x64" }, "sha512-6uLO1WsJwCtVNGHtjXwg2TRvxQYttYJKMjSdv6RUXGWY1AI+/+yHzvu+phU/F40uNC7CFhFnqWDuPaSZ49hdAQ=="],

    "@oxlint/linux-x64-musl": ["@oxlint/linux-x64-musl@1.3.0", "", { "os": "linux", "cpu": "x64" }, "sha512-+vrmJUHgtJmgIo+L9eTP04NI/OQNCOZtQo6I49qGWc9cpr+0MnIh9KMcyAOxmzVTF5g+CF1I/1bUz4pk4I3LDw=="],

    "@oxlint/win32-arm64": ["@oxlint/win32-arm64@1.3.0", "", { "os": "win32", "cpu": "arm64" }, "sha512-k+ETUVl+O3b8Rcd2PP5V3LqQ2QoN/TOX2f19XXHZEynbVLY3twLYPb3hLdXqoo7CKRq3RJdTfn1upHH48/qrZQ=="],

    "@oxlint/win32-x64": ["@oxlint/win32-x64@1.3.0", "", { "os": "win32", "cpu": "x64" }, "sha512-nWSgK0fT02TQ/BiAUCd13BaobtHySkCDcQaL+NOmhgeb0tNWjtYiktuluahaIqFcYJPWczVlbs8DU/Eqo8vsug=="],

    "@shikijs/engine-oniguruma": ["@shikijs/engine-oniguruma@3.2.2", "", { "dependencies": { "@shikijs/types": "3.2.2", "@shikijs/vscode-textmate": "^10.0.2" } }, "sha512-vyXRnWVCSvokwbaUD/8uPn6Gqsf5Hv7XwcW4AgiU4Z2qwy19sdr6VGzMdheKKN58tJOOe5MIKiNb901bgcUXYQ=="],

    "@shikijs/langs": ["@shikijs/langs@3.2.2", "", { "dependencies": { "@shikijs/types": "3.2.2" } }, "sha512-NY0Urg2dV9ETt3JIOWoMPuoDNwte3geLZ4M1nrPHbkDS8dWMpKcEwlqiEIGqtwZNmt5gKyWpR26ln2Bg2ecPgw=="],

    "@shikijs/themes": ["@shikijs/themes@3.2.2", "", { "dependencies": { "@shikijs/types": "3.2.2" } }, "sha512-Zuq4lgAxVKkb0FFdhHSdDkALuRpsj1so1JdihjKNQfgM78EHxV2JhO10qPsMrm01FkE3mDRTdF68wfmsqjt6HA=="],

    "@shikijs/types": ["@shikijs/types@3.2.2", "", { "dependencies": { "@shikijs/vscode-textmate": "^10.0.2", "@types/hast": "^3.0.4" } }, "sha512-a5TiHk7EH5Lso8sHcLHbVNNhWKP0Wi3yVnXnu73g86n3WoDgEra7n3KszyeCGuyoagspQ2fzvy4cpSc8pKhb0A=="],

    "@shikijs/vscode-textmate": ["@shikijs/vscode-textmate@10.0.2", "", {}, "sha512-83yeghZ2xxin3Nj8z1NMd/NCuca+gsYXswywDy5bHvwlWL8tpTQmzGeUuHd9FC3E/SBEMvzJRwWEOz5gGes9Qg=="],

    "@sinclair/typebox": ["@sinclair/typebox@0.33.22", "", {}, "sha512-auUj4k+f4pyrIVf4GW5UKquSZFHJWri06QgARy9C0t9ZTjJLIuNIrr1yl9bWcJWJ1Gz1vOvYN1D+QPaIlNMVkQ=="],

    "@sinclair/typebox-codegen": ["@sinclair/typebox-codegen@0.10.5", "", { "dependencies": { "@sinclair/typebox": "^0.33.1", "prettier": "^2.8.7", "typescript": "^5.4.5" } }, "sha512-McGmpMd/UzIes5FElHeZcfir/E+6L6v6hAOtaNX9v6d8lhDfGSMCOqdDTLWJVuo1tladpxCchKTfP+98L0STAQ=="],

    "@toil/typebox-genx": ["@toil/typebox-genx@0.1.0", "", { "dependencies": { "@sinclair/typebox-codegen": "^0.10.5", "ts-morph": "^25.0.1" }, "peerDependencies": { "typescript": "^5.7.3" } }, "sha512-Xw8QDwqs/PswxC0GgTZqN/TQk5zv93NOlJnjckGdBzaSJwFtf903EKcv7SYzUYPkuJ8cgopmHpi75Cic1QWBFw=="],

    "@topoconfig/extends": ["@topoconfig/extends@0.16.2", "", { "bin": { "xtends": "target/esm/cli.mjs" } }, "sha512-sTF+qpWakr5jf1Hn/kkFSi833xPW15s/loMAiKSYSSVv4vDonxf6hwCGzMXjLq+7HZoaK6BgaV72wXr1eY7FcQ=="],

    "@ts-morph/common": ["@ts-morph/common@0.26.1", "", { "dependencies": { "fast-glob": "^3.3.2", "minimatch": "^9.0.4", "path-browserify": "^1.0.1" } }, "sha512-Sn28TGl/4cFpcM+jwsH1wLncYq3FtN/BIpem+HOygfBWPT5pAeS5dB4VFVzV8FbnOKHpDLZmvAl4AjPEev5idA=="],

    "@types/bun": ["@types/bun@1.2.17", "", { "dependencies": { "bun-types": "1.2.17" } }, "sha512-l/BYs/JYt+cXA/0+wUhulYJB6a6p//GTPiJ7nV+QHa8iiId4HZmnu/3J/SowP5g0rTiERY2kfGKXEK5Ehltx4Q=="],

    "@types/hast": ["@types/hast@3.0.4", "", { "dependencies": { "@types/unist": "*" } }, "sha512-WPs+bbQw5aCj+x6laNGWLH3wviHtoCv/P3+otBhbOhJgG8qtpdAMlTCxLtsTWA7LH1Oh/bFCHsBn0TPS5m30EQ=="],

    "@types/node": ["@types/node@22.13.5", "", { "dependencies": { "undici-types": "~6.20.0" } }, "sha512-+lTU0PxZXn0Dr1NBtC7Y8cR21AJr87dLLU953CWA6pMxxv/UDc7jYAY90upcrie1nRcD6XNG5HOYEDtgW5TxAg=="],

    "@types/unist": ["@types/unist@3.0.3", "", {}, "sha512-ko/gIFJRv177XgZsZcBwnqJN5x/Gien8qNOn0D5bQU/zAzVf9Zt3BlcUiLqhV9y4ARk0GbT3tnUiPNgnTXzc/Q=="],

    "@vot.js/core": ["@vot.js/core@workspace:packages/core"],

    "@vot.js/ext": ["@vot.js/ext@workspace:packages/ext"],

    "@vot.js/node": ["@vot.js/node@workspace:packages/node"],

    "@vot.js/shared": ["@vot.js/shared@workspace:packages/shared"],

    "argparse": ["argparse@2.0.1", "", {}, "sha512-8+9WqebbFzpX9OR+Wa6O29asIogeRMzcGtAINdpMHHyAg10f05aSFVBbcEqGf/PXw1EjAZ+q2/bEBg3DvurK3Q=="],

    "balanced-match": ["balanced-match@1.0.2", "", {}, "sha512-3oSeUO0TMV67hN1AmbXsK4yaqU7tjiHlbxRDZOpH0KW9+CeX4bRAaX0Anxt0tx2MrpRpWwQaPwIlISEJhYU5Pw=="],

    "brace-expansion": ["brace-expansion@2.0.1", "", { "dependencies": { "balanced-match": "^1.0.0" } }, "sha512-XnAIvQ8eM+kC6aULx6wuQiwVsnzsi9d3WxzV3FpWTGA19F621kwdbsAcFKXgKUHZWsy+mY6iL1sHTxWEFCytDA=="],

    "braces": ["braces@3.0.3", "", { "dependencies": { "fill-range": "^7.1.1" } }, "sha512-yQbXgO/OSZVD2IsiLlro+7Hf6Q18EJrKSEsdoMzKePKXct3gvD8oLcOQdIzGupr5Fj+EDe8gO/lxc1BzfMpxvA=="],

    "bun-types": ["bun-types@1.2.17", "", { "dependencies": { "@types/node": "*" } }, "sha512-ElC7ItwT3SCQwYZDYoAH+q6KT4Fxjl8DtZ6qDulUFBmXA8YB4xo+l54J9ZJN+k2pphfn9vk7kfubeSd5QfTVJQ=="],

    "camelcase": ["camelcase@8.0.0", "", {}, "sha512-8WB3Jcas3swSvjIeA2yvCJ+Miyz5l1ZmB6HFb9R1317dt9LCQoswg/BGrmAmkWVEszSrrg4RwmO46qIm2OEnSA=="],

    "case-anything": ["case-anything@2.1.13", "", {}, "sha512-zlOQ80VrQ2Ue+ymH5OuM/DlDq64mEm+B9UTdHULv5osUMD6HalNTblf2b1u/m6QecjsnOkBpqVZ+XPwIVsy7Ng=="],

    "code-block-writer": ["code-block-writer@13.0.3", "", {}, "sha512-Oofo0pq3IKnsFtuHqSF7TqBfr71aeyZDVJ0HpmqB7FBM2qEigL0iPONSCZSO9pE9dZTAxANe5XHG9Uy0YMv8cg=="],

    "depseek": ["depseek@0.4.1", "", {}, "sha512-YYfPPajzH9s2qnEva411VJzCMWtArBTfluI9USiKQ+T6xBWFh3C7yPxhaa1KVgJa17v9aRKc+LcRhgxS5/9mOA=="],

    "detect-libc": ["detect-libc@1.0.3", "", { "bin": { "detect-libc": "./bin/detect-libc.js" } }, "sha512-pGjwhsmsp4kL2RTz08wcOlGN83otlqHeD/Z5T8GXZB+/YcpQ/dgo+lbU8ZsGxV0HIvqqxo9l7mqYwyYMD9bKDg=="],

    "dom-parser": ["dom-parser@1.1.5", "", {}, "sha512-lCiFG48ZUzGXjKN0qhSkxD/i3ndyV6I37zQ3W2VFYLjF1ob8A+QgSsM7Ps2UT0d3LpJxLMmMHiJJ34z5hkKLiA=="],

    "dprint-node": ["dprint-node@1.0.8", "", { "dependencies": { "detect-libc": "^1.0.3" } }, "sha512-iVKnUtYfGrYcW1ZAlfR/F59cUVL8QIhWoBJoSjkkdua/dkWIgjZfiLMeTjiB06X0ZLkQ0M2C1VbUj/CxkIf1zg=="],

    "entities": ["entities@4.5.0", "", {}, "sha512-V0hjH4dGPh9Ao5p0MoRY6BVqtwCjhz6vI5LT8AJ55H+4g9/4vbHx1I54fS0XuclLhDHArPQCiMjDxjaL8fPxhw=="],

    "fast-glob": ["fast-glob@3.3.3", "", { "dependencies": { "@nodelib/fs.stat": "^2.0.2", "@nodelib/fs.walk": "^1.2.3", "glob-parent": "^5.1.2", "merge2": "^1.3.0", "micromatch": "^4.0.8" } }, "sha512-7MptL8U0cqcFdzIzwOTHoilX9x5BrNqye7Z/LuC7kCMRio1EMSyqRK3BEAUD7sXRq4iT4AzTVuZdhgQ2TCvYLg=="],

    "fastq": ["fastq@1.19.0", "", { "dependencies": { "reusify": "^1.0.4" } }, "sha512-7SFSRCNjBQIZH/xZR3iy5iQYR8aGBE0h3VG6/cwlbrpdciNYBMotQav8c1XI3HjHH+NikUpP53nPdlZSdWmFzA=="],

    "fill-range": ["fill-range@7.1.1", "", { "dependencies": { "to-regex-range": "^5.0.1" } }, "sha512-YsGpe3WHLK8ZYi4tWDg2Jy3ebRz2rXowDxnld4bkQB00cc/1Zw9AWnC0i9ztDJitivtQvaI9KaLyKrc+hBW0yg=="],

    "fs-extra": ["fs-extra@11.3.0", "", { "dependencies": { "graceful-fs": "^4.2.0", "jsonfile": "^6.0.1", "universalify": "^2.0.0" } }, "sha512-Z4XaCL6dUDHfP/jT25jJKMmtxvuwbkrD1vNSMFlo9lNLY2c5FHYSQgHPRZUjAB26TpDEoW9HCOgplrdbaPV/ew=="],

    "glob-parent": ["glob-parent@5.1.2", "", { "dependencies": { "is-glob": "^4.0.1" } }, "sha512-AOIgSQCepiJYwP3ARnGx+5VnTu2HBYdzbGP45eLw1vr3zB3vZLeyed1sC9hnbcOc9/SrMyM5RPQrkGz4aS9Zow=="],

    "graceful-fs": ["graceful-fs@4.2.11", "", {}, "sha512-RbJ5/jmFcNNCcDV5o9eTnBLJ/HszWV0P73bc+Ff4nS/rJj+YaS6IGyiOL0VoBYX+l1Wrl3k63h/KrH+nhJ0XvQ=="],

    "is-extglob": ["is-extglob@2.1.1", "", {}, "sha512-SbKbANkN603Vi4jEZv49LeVJMn4yGwsbzZworEoyEiutsN3nJYdbO36zfhGJ6QEDpOZIFkDtnq5JRxmvl3jsoQ=="],

    "is-glob": ["is-glob@4.0.3", "", { "dependencies": { "is-extglob": "^2.1.1" } }, "sha512-xelSayHH36ZgE7ZWhli7pW34hNbNl8Ojv5KVmkJD4hBdD3th8Tfk9vYasLM+mXWOZhFkgZfxhLSnrwRr4elSSg=="],

    "is-number": ["is-number@7.0.0", "", {}, "sha512-41Cifkg6e8TylSpdtTpeLVMqvSBEVzTttHvERD741+pnZ8ANv0004MRL43QKPDlK9cGvNp6NZWZUBlbGXYxxng=="],

    "json5": ["json5@2.2.3", "", { "bin": { "json5": "lib/cli.js" } }, "sha512-XmOWe7eyHYH14cLdVPoyg+GOH3rYX++KpzrylJwSW98t3Nk+U8XOl8FWKOgwtzdb8lXGf6zYwDUzeHMWfxasyg=="],

    "jsonfile": ["jsonfile@6.1.0", "", { "dependencies": { "universalify": "^2.0.0" }, "optionalDependencies": { "graceful-fs": "^4.1.6" } }, "sha512-5dgndWOriYSm5cnYaJNhalLNDKOqFwyDB/rr1E9ZsGciGvKPs8R2xYGCacuf3z6K1YKDz182fd+fY3cn3pMqXQ=="],

    "lefthook": ["lefthook@1.11.14", "", { "optionalDependencies": { "lefthook-darwin-arm64": "1.11.14", "lefthook-darwin-x64": "1.11.14", "lefthook-freebsd-arm64": "1.11.14", "lefthook-freebsd-x64": "1.11.14", "lefthook-linux-arm64": "1.11.14", "lefthook-linux-x64": "1.11.14", "lefthook-openbsd-arm64": "1.11.14", "lefthook-openbsd-x64": "1.11.14", "lefthook-windows-arm64": "1.11.14", "lefthook-windows-x64": "1.11.14" }, "bin": { "lefthook": "bin/index.js" } }, "sha512-Dv91Lnu/0jLT5pCZE0IkEfrpTXUhyX9WG4upEMPkKPCl5aBgJdoqVw/hbh8drcVrC6y7k1PqsRmWSERmO57weQ=="],

    "lefthook-darwin-arm64": ["lefthook-darwin-arm64@1.11.14", "", { "os": "darwin", "cpu": "arm64" }, "sha512-YPbUK6kGytY5W6aNUrzK7Vod3ynLVvj5JQiBh0DjlxCHMgIQPpFkDfwQzGw1E8CySyC95HXO83En5Ule8umS7g=="],

    "lefthook-darwin-x64": ["lefthook-darwin-x64@1.11.14", "", { "os": "darwin", "cpu": "x64" }, "sha512-l9RhSBp1SHqLCjSGWoeeVWqKcTBOMW8v2CCYrUt5eb6sik7AjT6+Neqf3sClsXH7SjELjj43yjmg6loqPtfDgg=="],

    "lefthook-freebsd-arm64": ["lefthook-freebsd-arm64@1.11.14", "", { "os": "freebsd", "cpu": "arm64" }, "sha512-oSdJKGGMohktFXC6faZCUt5afyHpDwWGIWAkHGgOXUVD/LiZDEn6U/8cQmKm1UAfBySuPTtfir0VeM04y6188g=="],

    "lefthook-freebsd-x64": ["lefthook-freebsd-x64@1.11.14", "", { "os": "freebsd", "cpu": "x64" }, "sha512-gZdMWZwOtIhIPK3GPYac7JhXrxF188gkw65i6O7CedS/meDlK2vjBv5BUVLeD/satv4+jibEdV0h4Qqu/xIh2A=="],

    "lefthook-linux-arm64": ["lefthook-linux-arm64@1.11.14", "", { "os": "linux", "cpu": "arm64" }, "sha512-sZmqbTsGQFQw7gbfi9eIHFOxfcs66QfZYLRMh1DktODhyhRXB8RtI6KMeKCtPEGLhbK55/I4TprC8Qvj86UBgw=="],

    "lefthook-linux-x64": ["lefthook-linux-x64@1.11.14", "", { "os": "linux", "cpu": "x64" }, "sha512-c+to1BRzFe419SNXAR6YpCBP8EVWxvUxlON3Z+efzmrHhdlhm7LvEoJcN4RQE4Gc2rJQJNe87OjsEZQkc4uQLg=="],

    "lefthook-openbsd-arm64": ["lefthook-openbsd-arm64@1.11.14", "", { "os": "openbsd", "cpu": "arm64" }, "sha512-fivG3D9G4ASRCTf3ecfz1WdnrHCW9pezaI8v1NVve8t6B2q0d0yeaje5dfhoAsAvwiFPRaMzka1Qaoyu8O8G9Q=="],

    "lefthook-openbsd-x64": ["lefthook-openbsd-x64@1.11.14", "", { "os": "openbsd", "cpu": "x64" }, "sha512-vikmG0jf7JVKR3be6Wk3l1jtEdedEqk1BTdsaHFX1bj0qk0azcqlZ819Wt/IoyIYDzQCHKowZ6DuXsRjT+RXWA=="],

    "lefthook-windows-arm64": ["lefthook-windows-arm64@1.11.14", "", { "os": "win32", "cpu": "arm64" }, "sha512-5PoAJ9QKaqxJn1NWrhrhXpAROpl/dT7bGTo7VMj2ATO1cpRatbn6p+ssvc3tgeriFThowFb1D11Fg6OlFLi6UQ=="],

    "lefthook-windows-x64": ["lefthook-windows-x64@1.11.14", "", { "os": "win32", "cpu": "x64" }, "sha512-kBeOPR0Aj5hQGxoBBntgz5/e/xaH5Vnzlq9lJjHW8sf23qu/JVUGg6ceCoicyVWJi+ZOBliTa8KzwCu+mgyJjw=="],

    "linkify-it": ["linkify-it@5.0.0", "", { "dependencies": { "uc.micro": "^2.0.0" } }, "sha512-5aHCbzQRADcdP+ATqnDuhhJ/MRIqDkZX5pyjFHRRysS8vZ5AbqGEoFIb6pYHPZ+L/OC2Lc+xT8uHVVR5CAK/wQ=="],

    "lunr": ["lunr@2.3.9", "", {}, "sha512-zTU3DaZaF3Rt9rhN3uBMGQD3dD2/vFQqnvZCDv4dl5iOzq2IZQqTxu90r4E5J+nP70J3ilqVCrbho2eWaeW8Ow=="],

    "markdown-it": ["markdown-it@14.1.0", "", { "dependencies": { "argparse": "^2.0.1", "entities": "^4.4.0", "linkify-it": "^5.0.0", "mdurl": "^2.0.0", "punycode.js": "^2.3.1", "uc.micro": "^2.1.0" }, "bin": { "markdown-it": "bin/markdown-it.mjs" } }, "sha512-a54IwgWPaeBCAAsv13YgmALOF1elABB08FxO9i+r4VFk5Vl4pKokRPeX8u5TCgSsPi6ec1otfLjdOpVcgbpshg=="],

    "mdurl": ["mdurl@2.0.0", "", {}, "sha512-Lf+9+2r+Tdp5wXDXC4PcIBjTDtq4UKjCPMQhKIuzpJNW0b96kVqSwW0bT7FhRSfmAiFYgP+SCRvdrDozfh0U5w=="],

    "merge2": ["merge2@1.4.1", "", {}, "sha512-8q7VEgMJW4J8tcfVPy8g09NcQwZdbwFEqhe/WZkoIzjn/3TGDwtOCYtXGxA3O8tPzpczCCDgv+P2P5y00ZJOOg=="],

    "micromatch": ["micromatch@4.0.8", "", { "dependencies": { "braces": "^3.0.3", "picomatch": "^2.3.1" } }, "sha512-PXwfBhYu0hBCPw8Dn0E+WDYb7af3dSLVWKi3HGv84IdF4TyFoC0ysxFd0Goxw7nSv4T/PzEJQxsYsEiFCKo2BA=="],

    "minimatch": ["minimatch@9.0.5", "", { "dependencies": { "brace-expansion": "^2.0.1" } }, "sha512-G6T0ZX48xgozx7587koeX9Ys2NYy6Gmv//P89sEte9V9whIapMNF4idKxnW2QtCcLiTWlb/wfCabAtAFWhhBow=="],

    "oxlint": ["oxlint@1.3.0", "", { "optionalDependencies": { "@oxlint/darwin-arm64": "1.3.0", "@oxlint/darwin-x64": "1.3.0", "@oxlint/linux-arm64-gnu": "1.3.0", "@oxlint/linux-arm64-musl": "1.3.0", "@oxlint/linux-x64-gnu": "1.3.0", "@oxlint/linux-x64-musl": "1.3.0", "@oxlint/win32-arm64": "1.3.0", "@oxlint/win32-x64": "1.3.0" }, "bin": { "oxlint": "bin/oxlint", "oxc_language_server": "bin/oxc_language_server" } }, "sha512-PzAOmPxnXYpVF1q6h9pkOPH6uJ/44XrtFWJ8JcEMpoEq9HISNelD3lXhACtOAW8CArjLy/qSlu2KkyPxnXgctA=="],

    "path-browserify": ["path-browserify@1.0.1", "", {}, "sha512-b7uo2UCUOYZcnF/3ID0lulOJi/bafxa1xPe7ZPsammBSpjSWQkjNxlt635YGS2MiR9GjvuXCtz2emr3jbsz98g=="],

    "picomatch": ["picomatch@2.3.1", "", {}, "sha512-JU3teHTNjmE2VCGFzuY8EXzCDVwEqB2a8fsIvwaStHhAWJEeVd1o1QD80CU6+ZdEXXSLbSsuLwJjkCBWqRQUVA=="],

    "prettier": ["prettier@2.8.8", "", { "bin": { "prettier": "bin-prettier.js" } }, "sha512-tdN8qQGvNjw4CHbY+XXk0JgCXn9QiF21a55rBe5LJAU+kDyC4WQn4+awm2Xfk2lQMk5fKup9XgzTZtGkjBdP9Q=="],

    "punycode.js": ["punycode.js@2.3.1", "", {}, "sha512-uxFIHU0YlHYhDQtV4R9J6a52SLx28BCjT+4ieh7IGbgwVJWO+km431c4yRlREUAsAmt/uMjQUyQHNEPf0M39CA=="],

    "queue-microtask": ["queue-microtask@1.2.3", "", {}, "sha512-NuaNSa6flKT5JaSYQzJok04JzTL1CA6aGhv5rfLW3PgqA+M2ChpZQnAC8h8i4ZFkBS8X5RqkDBHA7r4hej3K9A=="],

    "reusify": ["reusify@1.0.4", "", {}, "sha512-U9nH88a3fc/ekCF1l0/UP1IosiuIjyTh7hBvXVMHYgVcfGvt897Xguj2UOLDeI5BG2m7/uwyaLVT6fbtCwTyzw=="],

    "run-parallel": ["run-parallel@1.2.0", "", { "dependencies": { "queue-microtask": "^1.2.2" } }, "sha512-5l4VyZR86LZ/lDxZTR6jqL8AFE2S0IFLMP26AbjsLVADxHdhB/c0GUsH+y39UfCi3dzz8OlQuPmnaJOMoDHQBA=="],

    "to-regex-range": ["to-regex-range@5.0.1", "", { "dependencies": { "is-number": "^7.0.0" } }, "sha512-65P7iz6X5yEr1cwcgvQxbbIw7Uk3gOy5dIdtZ4rDveLqhrdJP+Li/Hx6tyK0NEb+2GCyneCMJiGqrADCSNk8sQ=="],

    "ts-morph": ["ts-morph@25.0.1", "", { "dependencies": { "@ts-morph/common": "~0.26.0", "code-block-writer": "^13.0.3" } }, "sha512-QJEiTdnz1YjrB3JFhd626gX4rKHDLSjSVMvGGG4v7ONc3RBwa0Eei98G9AT9uNFDMtV54JyuXsFeC+OH0n6bXQ=="],

    "ts-poet": ["ts-poet@6.11.0", "", { "dependencies": { "dprint-node": "^1.0.8" } }, "sha512-r5AGF8vvb+GjBsnqiTqbLhN1/U2FJt6BI+k0dfCrkKzWvUhNlwMmq9nDHuucHs45LomgHjZPvYj96dD3JawjJA=="],

    "ts-proto": ["ts-proto@2.6.1", "", { "dependencies": { "@bufbuild/protobuf": "^2.0.0", "case-anything": "^2.1.13", "ts-poet": "^6.7.0", "ts-proto-descriptors": "2.0.0" }, "bin": { "protoc-gen-ts_proto": "protoc-gen-ts_proto" } }, "sha512-4LTT99MkwkF1+fIA0b2mZu/58Qlpq3Q1g53TwEMZZgR1w/uX00PoVT4Z8aKJxMw0LeKQD4s9NrJYsF27Clckrg=="],

    "ts-proto-descriptors": ["ts-proto-descriptors@2.0.0", "", { "dependencies": { "@bufbuild/protobuf": "^2.0.0" } }, "sha512-wHcTH3xIv11jxgkX5OyCSFfw27agpInAd6yh89hKG6zqIXnjW9SYqSER2CVQxdPj4czeOhGagNvZBEbJPy7qkw=="],

    "tsc-esm-fix": ["tsc-esm-fix@3.1.2", "", { "dependencies": { "@topoconfig/extends": "^0.16.2", "depseek": "^0.4.1", "fast-glob": "^3.3.2", "fs-extra": "^11.2.0", "json5": "^2.2.3", "type-flag": "^3.0.0" }, "bin": { "tsc-esm-fix": "target/esm/cli.mjs" } }, "sha512-1/OpZssMcEp2ae6DyZV+yvDviofuCdDf7dEWEaBvm/ac8vtS04lFyl0LVs8LQE56vjKHytgzVjPIL9udM4QuNg=="],

    "type-flag": ["type-flag@3.0.0", "", {}, "sha512-3YaYwMseXCAhBB14RXW5cRQfJQlEknS6i4C8fCfeUdS3ihG9EdccdR9kt3vP73ZdeTGmPb4bZtkDn5XMIn1DLA=="],

    "typedoc": ["typedoc@0.28.5", "", { "dependencies": { "@gerrit0/mini-shiki": "^3.2.2", "lunr": "^2.3.9", "markdown-it": "^14.1.0", "minimatch": "^9.0.5", "yaml": "^2.7.1" }, "peerDependencies": { "typescript": "5.0.x || 5.1.x || 5.2.x || 5.3.x || 5.4.x || 5.5.x || 5.6.x || 5.7.x || 5.8.x" }, "bin": { "typedoc": "bin/typedoc" } }, "sha512-5PzUddaA9FbaarUzIsEc4wNXCiO4Ot3bJNeMF2qKpYlTmM9TTaSHQ7162w756ERCkXER/+o2purRG6YOAv6EMA=="],

    "typedoc-plugin-include-example": ["typedoc-plugin-include-example@2.1.2", "", { "peerDependencies": { "typedoc": "0.26.x || 0.27.x || 0.28.x" } }, "sha512-12z74b98SRus4NjyQo5fY6tYt8SYeRanIteivfXKAvYujbb94rRPDVETtTTWnwNLHOxOaP/DekfQknRhMb5c6Q=="],

    "typedoc-plugin-missing-exports": ["typedoc-plugin-missing-exports@4.0.0", "", { "peerDependencies": { "typedoc": "^0.28.1" } }, "sha512-Z4ei+853xppDEhcqzyeyRs4+R0kUuKQWnMK1EtSTEd5LFkgkdW5Bdn8vfo/rsCGbYVJxOWU99fxgM1mROw5Fug=="],

    "typedoc-plugin-rename-defaults": ["typedoc-plugin-rename-defaults@0.7.3", "", { "dependencies": { "camelcase": "^8.0.0" }, "peerDependencies": { "typedoc": ">=0.22.x <0.29.x" } }, "sha512-fDtrWZ9NcDfdGdlL865GW7uIGQXlthPscURPOhDkKUe4DBQSRRFUf33fhWw41FLlsz8ZTeSxzvvuNmh54MynFA=="],

    "typescript": ["typescript@5.8.3", "", { "bin": { "tsc": "bin/tsc", "tsserver": "bin/tsserver" } }, "sha512-p1diW6TqL9L07nNxvRMM7hMMw4c5XOo/1ibL4aAIGmSAt9slTE1Xgw5KWuof2uTOvCg9BY7ZRi+GaF+7sfgPeQ=="],

    "uc.micro": ["uc.micro@2.1.0", "", {}, "sha512-ARDJmphmdvUk6Glw7y9DQ2bFkKBHwQHLi2lsaH6PPmz/Ka9sFOBsBluozhDltWmnv9u/cF6Rt87znRTPV+yp/A=="],

    "undici": ["undici@7.3.0", "", {}, "sha512-Qy96NND4Dou5jKoSJ2gm8ax8AJM/Ey9o9mz7KN1bb9GP+G0l20Zw8afxTnY2f4b7hmhn/z8aC2kfArVQlAhFBw=="],

    "undici-types": ["undici-types@6.20.0", "", {}, "sha512-Ny6QZ2Nju20vw1SRHe3d9jVu6gJ+4e3+MMpqu7pqE5HT6WsTSlce++GQmK5UXS8mzV8DSYHrQH+Xrf2jVcuKNg=="],

    "universalify": ["universalify@2.0.1", "", {}, "sha512-gptHNQghINnc/vTGIk0SOFGFNXw7JVrlRUtConJRlvaw6DuX0wO5Jeko9sWrMBhh+PsYAZ7oXAiOnf/UKogyiw=="],

    "yaml": ["yaml@2.7.1", "", { "bin": { "yaml": "bin.mjs" } }, "sha512-10ULxpnOCQXxJvBgxsn9ptjq6uviG/htZKk9veJGhlqn3w/DxQ631zFF+nlQXLwmImeS5amR2dl2U8sg6U9jsQ=="],

    "@sinclair/typebox-codegen/typescript": ["typescript@5.7.3", "", { "bin": { "tsc": "bin/tsc", "tsserver": "bin/tsserver" } }, "sha512-84MVSjMEHP+FQRPy3pX9sTVV/INIex71s9TL2Gm5FG/WG1SqXeKyZ0k7/blY/4FdOzI12CBy1vGc4og/eus0fw=="],
  }
}
